
Microsoft Visual Studio Solution File, Format Version 12.00
# Visual Studio Version 17
VisualStudioVersion = 17.5.002.0
MinimumVisualStudioVersion = 10.0.40219.1
Project("{9A19103F-16F7-4668-BE54-9A1E7A4F7556}") = "Aula01", "Aula01.csproj", "{AB227DB7-8E2B-4D51-84EF-375E0463A4DE}"
EndProject
Global
	GlobalSection(SolutionConfigurationPlatforms) = preSolution
		Debug|Any CPU = Debug|Any CPU
		Release|Any CPU = Release|Any CPU
	EndGlobalSection
	GlobalSection(ProjectConfigurationPlatforms) = postSolution
		{AB227DB7-8E2B-4D51-84EF-375E0463A4DE}.Debug|Any CPU.ActiveCfg = Debug|Any CPU
		{AB227DB7-8E2B-4D51-84EF-375E0463A4DE}.Debug|Any CPU.Build.0 = Debug|Any CPU
		{AB227DB7-8E2B-4D51-84EF-375E0463A4DE}.Release|Any CPU.ActiveCfg = Release|Any CPU
		{AB227DB7-8E2B-4D51-84EF-375E0463A4DE}.Release|Any CPU.Build.0 = Release|Any CPU
	EndGlobalSection
	GlobalSection(SolutionProperties) = preSolution
		HideSolutionNode = FALSE
	EndGlobalSection
	GlobalSection(ExtensibilityGlobals) = postSolution
		SolutionGuid = {F17984DA-5761-43C6-BEC1-A65046C50246}
	EndGlobalSection
EndGlobal
