
Microsoft Visual Studio Solution File, Format Version 12.00
# Visual Studio Version 17
VisualStudioVersion = 17.5.002.0
MinimumVisualStudioVersion = 10.0.40219.1
Project("{9A19103F-16F7-4668-BE54-9A1E7A4F7556}") = "QuickSort", "QuickSort.csproj", "{2174EE42-8051-4BD1-A65A-2DDFB2137ADF}"
EndProject
Global
	GlobalSection(SolutionConfigurationPlatforms) = preSolution
		Debug|Any CPU = Debug|Any CPU
		Release|Any CPU = Release|Any CPU
	EndGlobalSection
	GlobalSection(ProjectConfigurationPlatforms) = postSolution
		{2174EE42-8051-4BD1-A65A-2DDFB2137ADF}.Debug|Any CPU.ActiveCfg = Debug|Any CPU
		{2174EE42-8051-4BD1-A65A-2DDFB2137ADF}.Debug|Any CPU.Build.0 = Debug|Any CPU
		{2174EE42-8051-4BD1-A65A-2DDFB2137ADF}.Release|Any CPU.ActiveCfg = Release|Any CPU
		{2174EE42-8051-4BD1-A65A-2DDFB2137ADF}.Release|Any CPU.Build.0 = Release|Any CPU
	EndGlobalSection
	GlobalSection(SolutionProperties) = preSolution
		HideSolutionNode = FALSE
	EndGlobalSection
	GlobalSection(ExtensibilityGlobals) = postSolution
		SolutionGuid = {0F598509-2747-459D-B8D6-124163D7D60F}
	EndGlobalSection
EndGlobal
